// !$*UTF8*$!
{
	archiveVersion = 1;
	classes = {
	};
	objectVersion = 52;
	objects = {

/* Begin PBXBuildFile section */
		0336A3FA2576B73D00A5B5A0 /* RainingHeartsProgram.swift in Sources */ = {isa = PBXBuildFile; fileRef = 03A9A3FE2561D34200FC3E17 /* RainingHeartsProgram.swift */; };
		0336A3FB2576BAE800A5B5A0 /* DripProgram.swift in Sources */ = {isa = PBXBuildFile; fileRef = 03A9A4272562047F00FC3E17 /* DripProgram.swift */; };
		0336A3FC2576BD0E00A5B5A0 /* SparklerProgram.swift in Sources */ = {isa = PBXBuildFile; fileRef = 03A9A40F2561EA8B00FC3E17 /* SparklerProgram.swift */; };
		0336A3FD2576BFCE00A5B5A0 /* WhirlwindProgram.swift in Sources */ = {isa = PBXBuildFile; fileRef = 03A9A4112561EC1C00FC3E17 /* WhirlwindProgram.swift */; };
		0336A3FE2576C07C00A5B5A0 /* MoveProgram.swift in Sources */ = {isa = PBXBuildFile; fileRef = 03A9A3CA25612B7A00FC3E17 /* MoveProgram.swift */; };
		0336A3FF2576C12400A5B5A0 /* SargonChessboardProgram.swift in Sources */ = {isa = PBXBuildFile; fileRef = 03A9A3D225612B7B00FC3E17 /* SargonChessboardProgram.swift */; };
		0336A4002576E89300A5B5A0 /* HelloVectorProgram.swift in Sources */ = {isa = PBXBuildFile; fileRef = 03FDFB6525747D4F00F13953 /* HelloVectorProgram.swift */; };
		0336A4012576E8C000A5B5A0 /* StixProgram.swift in Sources */ = {isa = PBXBuildFile; fileRef = 03FDFB6B2574BAAF00F13953 /* StixProgram.swift */; };
		0336A4022576E90000A5B5A0 /* MoreStixProgram.swift in Sources */ = {isa = PBXBuildFile; fileRef = 03FDFB6D2574BF1500F13953 /* MoreStixProgram.swift */; };
		0336A4032576E93600A5B5A0 /* DancingLineProgram.swift in Sources */ = {isa = PBXBuildFile; fileRef = 03FDFB6F2574C0E400F13953 /* DancingLineProgram.swift */; };
		0336A4042576F4ED00A5B5A0 /* HelloTurtle.swift in Sources */ = {isa = PBXBuildFile; fileRef = 039633422575BC1C00CD3301 /* HelloTurtle.swift */; };
		0336A41125774CA600A5B5A0 /* HelloPath.swift in Sources */ = {isa = PBXBuildFile; fileRef = 0336A41025774CA600A5B5A0 /* HelloPath.swift */; };
		03852D9A2585DB0200A116B0 /* GR in Frameworks */ = {isa = PBXBuildFile; productRef = 03852D992585DB0200A116B0 /* GR */; };
		039633472575D03B00CD3301 /* HelloCornersProgram.swift in Sources */ = {isa = PBXBuildFile; fileRef = 03A9A4232561FA6B00FC3E17 /* HelloCornersProgram.swift */; };
		039633482575D22A00CD3301 /* DotsAndLinesProgram.swift in Sources */ = {isa = PBXBuildFile; fileRef = 03A9A3D425612B7B00FC3E17 /* DotsAndLinesProgram.swift */; };
		039633492575D28700CD3301 /* RectanglesProgram.swift in Sources */ = {isa = PBXBuildFile; fileRef = 03A9A3D025612B7B00FC3E17 /* RectanglesProgram.swift */; };
		0396334A2575D2AD00CD3301 /* PebblesProgram.swift in Sources */ = {isa = PBXBuildFile; fileRef = 03A9A3CE25612B7B00FC3E17 /* PebblesProgram.swift */; };
		0396334B2575D2DA00CD3301 /* GravelProgram.swift in Sources */ = {isa = PBXBuildFile; fileRef = 03A9A3C125612A6F00FC3E17 /* GravelProgram.swift */; };
		0396334C2575D32500CD3301 /* MandalaProgram.swift in Sources */ = {isa = PBXBuildFile; fileRef = 03A9A3CF25612B7B00FC3E17 /* MandalaProgram.swift */; };
		039633552576219E00CD3301 /* MushroomProgram.swift in Sources */ = {isa = PBXBuildFile; fileRef = 03A9A3C725612B7A00FC3E17 /* MushroomProgram.swift */; };
		039633562576265F00CD3301 /* BallProgram.swift in Sources */ = {isa = PBXBuildFile; fileRef = 03A9A3C025612A6F00FC3E17 /* BallProgram.swift */; };
		039727F725775667008B9B29 /* SpaceRocksProgram.swift in Sources */ = {isa = PBXBuildFile; fileRef = 039727F625775667008B9B29 /* SpaceRocksProgram.swift */; };
		03A9A33D2560E83700FC3E17 /* GRPlayerApp.swift in Sources */ = {isa = PBXBuildFile; fileRef = 03A9A33C2560E83700FC3E17 /* GRPlayerApp.swift */; };
		03A9A33F2560E83700FC3E17 /* ContentView.swift in Sources */ = {isa = PBXBuildFile; fileRef = 03A9A33E2560E83700FC3E17 /* ContentView.swift */; };
		03A9A3412560E83800FC3E17 /* Assets.xcassets in Resources */ = {isa = PBXBuildFile; fileRef = 03A9A3402560E83800FC3E17 /* Assets.xcassets */; };
		03A9A3442560E83800FC3E17 /* Preview Assets.xcassets in Resources */ = {isa = PBXBuildFile; fileRef = 03A9A3432560E83800FC3E17 /* Preview Assets.xcassets */; };
		03A9A3C325612A6F00FC3E17 /* EmptyProgram.swift in Sources */ = {isa = PBXBuildFile; fileRef = 03A9A3BF25612A6F00FC3E17 /* EmptyProgram.swift */; };
		03A9A3C625612A6F00FC3E17 /* HelloPixelProgram.swift in Sources */ = {isa = PBXBuildFile; fileRef = 03A9A3C225612A6F00FC3E17 /* HelloPixelProgram.swift */; };
/* End PBXBuildFile section */

/* Begin PBXFileReference section */
		0336A41025774CA600A5B5A0 /* HelloPath.swift */ = {isa = PBXFileReference; lastKnownFileType = sourcecode.swift; path = HelloPath.swift; sourceTree = "<group>"; };
		03852CFA25859DB500A116B0 /* GR.framework */ = {isa = PBXFileReference; explicitFileType = wrapper.framework; path = GR.framework; sourceTree = BUILT_PRODUCTS_DIR; };
		039633422575BC1C00CD3301 /* HelloTurtle.swift */ = {isa = PBXFileReference; lastKnownFileType = sourcecode.swift; path = HelloTurtle.swift; sourceTree = "<group>"; };
		039727F625775667008B9B29 /* SpaceRocksProgram.swift */ = {isa = PBXFileReference; lastKnownFileType = sourcecode.swift; path = SpaceRocksProgram.swift; sourceTree = "<group>"; };
		03A9A3392560E83700FC3E17 /* GRPlayer.app */ = {isa = PBXFileReference; explicitFileType = wrapper.application; includeInIndex = 0; path = GRPlayer.app; sourceTree = BUILT_PRODUCTS_DIR; };
		03A9A33C2560E83700FC3E17 /* GRPlayerApp.swift */ = {isa = PBXFileReference; lastKnownFileType = sourcecode.swift; path = GRPlayerApp.swift; sourceTree = "<group>"; };
		03A9A33E2560E83700FC3E17 /* ContentView.swift */ = {isa = PBXFileReference; lastKnownFileType = sourcecode.swift; path = ContentView.swift; sourceTree = "<group>"; };
		03A9A3402560E83800FC3E17 /* Assets.xcassets */ = {isa = PBXFileReference; lastKnownFileType = folder.assetcatalog; path = Assets.xcassets; sourceTree = "<group>"; };
		03A9A3432560E83800FC3E17 /* Preview Assets.xcassets */ = {isa = PBXFileReference; lastKnownFileType = folder.assetcatalog; path = "Preview Assets.xcassets"; sourceTree = "<group>"; };
		03A9A3452560E83800FC3E17 /* Info.plist */ = {isa = PBXFileReference; lastKnownFileType = text.plist.xml; path = Info.plist; sourceTree = "<group>"; };
		03A9A34C2560E86700FC3E17 /* GRPlayer.entitlements */ = {isa = PBXFileReference; lastKnownFileType = text.plist.entitlements; path = GRPlayer.entitlements; sourceTree = "<group>"; };
		03A9A34F2560E8A800FC3E17 /* GR.framework */ = {isa = PBXFileReference; explicitFileType = wrapper.framework; path = GR.framework; sourceTree = BUILT_PRODUCTS_DIR; };
		03A9A3BF25612A6F00FC3E17 /* EmptyProgram.swift */ = {isa = PBXFileReference; fileEncoding = 4; lastKnownFileType = sourcecode.swift; path = EmptyProgram.swift; sourceTree = "<group>"; };
		03A9A3C025612A6F00FC3E17 /* BallProgram.swift */ = {isa = PBXFileReference; fileEncoding = 4; lastKnownFileType = sourcecode.swift; path = BallProgram.swift; sourceTree = "<group>"; };
		03A9A3C125612A6F00FC3E17 /* GravelProgram.swift */ = {isa = PBXFileReference; fileEncoding = 4; lastKnownFileType = sourcecode.swift; path = GravelProgram.swift; sourceTree = "<group>"; };
		03A9A3C225612A6F00FC3E17 /* HelloPixelProgram.swift */ = {isa = PBXFileReference; fileEncoding = 4; lastKnownFileType = sourcecode.swift; path = HelloPixelProgram.swift; sourceTree = "<group>"; };
		03A9A3C725612B7A00FC3E17 /* MushroomProgram.swift */ = {isa = PBXFileReference; fileEncoding = 4; lastKnownFileType = sourcecode.swift; path = MushroomProgram.swift; sourceTree = "<group>"; };
		03A9A3CA25612B7A00FC3E17 /* MoveProgram.swift */ = {isa = PBXFileReference; fileEncoding = 4; lastKnownFileType = sourcecode.swift; path = MoveProgram.swift; sourceTree = "<group>"; };
		03A9A3CE25612B7B00FC3E17 /* PebblesProgram.swift */ = {isa = PBXFileReference; fileEncoding = 4; lastKnownFileType = sourcecode.swift; path = PebblesProgram.swift; sourceTree = "<group>"; };
		03A9A3CF25612B7B00FC3E17 /* MandalaProgram.swift */ = {isa = PBXFileReference; fileEncoding = 4; lastKnownFileType = sourcecode.swift; path = MandalaProgram.swift; sourceTree = "<group>"; };
		03A9A3D025612B7B00FC3E17 /* RectanglesProgram.swift */ = {isa = PBXFileReference; fileEncoding = 4; lastKnownFileType = sourcecode.swift; path = RectanglesProgram.swift; sourceTree = "<group>"; };
		03A9A3D225612B7B00FC3E17 /* SargonChessboardProgram.swift */ = {isa = PBXFileReference; fileEncoding = 4; lastKnownFileType = sourcecode.swift; path = SargonChessboardProgram.swift; sourceTree = "<group>"; };
		03A9A3D425612B7B00FC3E17 /* DotsAndLinesProgram.swift */ = {isa = PBXFileReference; fileEncoding = 4; lastKnownFileType = sourcecode.swift; path = DotsAndLinesProgram.swift; sourceTree = "<group>"; };
		03A9A3FE2561D34200FC3E17 /* RainingHeartsProgram.swift */ = {isa = PBXFileReference; fileEncoding = 4; lastKnownFileType = sourcecode.swift; path = RainingHeartsProgram.swift; sourceTree = "<group>"; };
		03A9A40F2561EA8B00FC3E17 /* SparklerProgram.swift */ = {isa = PBXFileReference; fileEncoding = 4; lastKnownFileType = sourcecode.swift; path = SparklerProgram.swift; sourceTree = "<group>"; };
		03A9A4112561EC1C00FC3E17 /* WhirlwindProgram.swift */ = {isa = PBXFileReference; fileEncoding = 4; lastKnownFileType = sourcecode.swift; path = WhirlwindProgram.swift; sourceTree = "<group>"; };
		03A9A4232561FA6B00FC3E17 /* HelloCornersProgram.swift */ = {isa = PBXFileReference; lastKnownFileType = sourcecode.swift; path = HelloCornersProgram.swift; sourceTree = "<group>"; };
		03A9A4272562047F00FC3E17 /* DripProgram.swift */ = {isa = PBXFileReference; fileEncoding = 4; lastKnownFileType = sourcecode.swift; path = DripProgram.swift; sourceTree = "<group>"; };
		03FDFB6525747D4F00F13953 /* HelloVectorProgram.swift */ = {isa = PBXFileReference; lastKnownFileType = sourcecode.swift; path = HelloVectorProgram.swift; sourceTree = "<group>"; };
		03FDFB6B2574BAAF00F13953 /* StixProgram.swift */ = {isa = PBXFileReference; lastKnownFileType = sourcecode.swift; path = StixProgram.swift; sourceTree = "<group>"; };
		03FDFB6D2574BF1500F13953 /* MoreStixProgram.swift */ = {isa = PBXFileReference; lastKnownFileType = sourcecode.swift; path = MoreStixProgram.swift; sourceTree = "<group>"; };
		03FDFB6F2574C0E400F13953 /* DancingLineProgram.swift */ = {isa = PBXFileReference; lastKnownFileType = sourcecode.swift; path = DancingLineProgram.swift; sourceTree = "<group>"; };
/* End PBXFileReference section */

/* Begin PBXFrameworksBuildPhase section */
		03A9A3362560E83700FC3E17 /* Frameworks */ = {
			isa = PBXFrameworksBuildPhase;
			buildActionMask = 2147483647;
			files = (
				03852D9A2585DB0200A116B0 /* GR in Frameworks */,
			);
			runOnlyForDeploymentPostprocessing = 0;
		};
/* End PBXFrameworksBuildPhase section */

/* Begin PBXGroup section */
		03A9A3302560E83700FC3E17 = {
			isa = PBXGroup;
			children = (
				03A9A33B2560E83700FC3E17 /* GRPlayer */,
				03A9A33A2560E83700FC3E17 /* Products */,
				03A9A34E2560E8A800FC3E17 /* Frameworks */,
			);
			sourceTree = "<group>";
		};
		03A9A33A2560E83700FC3E17 /* Products */ = {
			isa = PBXGroup;
			children = (
				03A9A3392560E83700FC3E17 /* GRPlayer.app */,
			);
			name = Products;
			sourceTree = "<group>";
		};
		03A9A33B2560E83700FC3E17 /* GRPlayer */ = {
			isa = PBXGroup;
			children = (
				03A9A33C2560E83700FC3E17 /* GRPlayerApp.swift */,
				03A9A33E2560E83700FC3E17 /* ContentView.swift */,
				03A9A3BE25612A3E00FC3E17 /* Programs */,
				03A9A3402560E83800FC3E17 /* Assets.xcassets */,
				03A9A34C2560E86700FC3E17 /* GRPlayer.entitlements */,
				03A9A3452560E83800FC3E17 /* Info.plist */,
				03A9A3422560E83800FC3E17 /* Preview Content */,
			);
			path = GRPlayer;
			sourceTree = "<group>";
		};
		03A9A3422560E83800FC3E17 /* Preview Content */ = {
			isa = PBXGroup;
			children = (
				03A9A3432560E83800FC3E17 /* Preview Assets.xcassets */,
			);
			path = "Preview Content";
			sourceTree = "<group>";
		};
		03A9A34E2560E8A800FC3E17 /* Frameworks */ = {
			isa = PBXGroup;
			children = (
				03852CFA25859DB500A116B0 /* GR.framework */,
				03A9A34F2560E8A800FC3E17 /* GR.framework */,
			);
			name = Frameworks;
			sourceTree = "<group>";
		};
		03A9A3BE25612A3E00FC3E17 /* Programs */ = {
			isa = PBXGroup;
			children = (
				03A9A3BF25612A6F00FC3E17 /* EmptyProgram.swift */,
				03A9A3C225612A6F00FC3E17 /* HelloPixelProgram.swift */,
				03A9A4232561FA6B00FC3E17 /* HelloCornersProgram.swift */,
				03A9A3D425612B7B00FC3E17 /* DotsAndLinesProgram.swift */,
				03A9A3D025612B7B00FC3E17 /* RectanglesProgram.swift */,
				03A9A3CE25612B7B00FC3E17 /* PebblesProgram.swift */,
				03A9A3C125612A6F00FC3E17 /* GravelProgram.swift */,
				03A9A3CF25612B7B00FC3E17 /* MandalaProgram.swift */,
				03A9A3C725612B7A00FC3E17 /* MushroomProgram.swift */,
				03A9A3C025612A6F00FC3E17 /* BallProgram.swift */,
				03A9A3FE2561D34200FC3E17 /* RainingHeartsProgram.swift */,
				03A9A4272562047F00FC3E17 /* DripProgram.swift */,
				03A9A40F2561EA8B00FC3E17 /* SparklerProgram.swift */,
				03A9A4112561EC1C00FC3E17 /* WhirlwindProgram.swift */,
				03A9A3CA25612B7A00FC3E17 /* MoveProgram.swift */,
				03A9A3D225612B7B00FC3E17 /* SargonChessboardProgram.swift */,
				03FDFB6525747D4F00F13953 /* HelloVectorProgram.swift */,
				03FDFB6B2574BAAF00F13953 /* StixProgram.swift */,
				03FDFB6D2574BF1500F13953 /* MoreStixProgram.swift */,
				03FDFB6F2574C0E400F13953 /* DancingLineProgram.swift */,
				039633422575BC1C00CD3301 /* HelloTurtle.swift */,
				0336A41025774CA600A5B5A0 /* HelloPath.swift */,
				039727F625775667008B9B29 /* SpaceRocksProgram.swift */,
			);
			path = Programs;
			sourceTree = "<group>";
		};
/* End PBXGroup section */

/* Begin PBXNativeTarget section */
		03A9A3382560E83700FC3E17 /* GRPlayer */ = {
			isa = PBXNativeTarget;
			buildConfigurationList = 03A9A3482560E83800FC3E17 /* Build configuration list for PBXNativeTarget "GRPlayer" */;
			buildPhases = (
				03A9A3352560E83700FC3E17 /* Sources */,
				03A9A3362560E83700FC3E17 /* Frameworks */,
				03A9A3372560E83700FC3E17 /* Resources */,
			);
			buildRules = (
			);
			dependencies = (
			);
			name = GRPlayer;
			packageProductDependencies = (
				03852D992585DB0200A116B0 /* GR */,
			);
			productName = GRPlayer;
			productReference = 03A9A3392560E83700FC3E17 /* GRPlayer.app */;
			productType = "com.apple.product-type.application";
		};
/* End PBXNativeTarget section */

/* Begin PBXProject section */
		03A9A3312560E83700FC3E17 /* Project object */ = {
			isa = PBXProject;
			attributes = {
				LastSwiftUpdateCheck = 1220;
				LastUpgradeCheck = 1220;
				TargetAttributes = {
					03A9A3382560E83700FC3E17 = {
						CreatedOnToolsVersion = 12.2;
					};
				};
			};
			buildConfigurationList = 03A9A3342560E83700FC3E17 /* Build configuration list for PBXProject "GRPlayer" */;
			compatibilityVersion = "Xcode 9.3";
			developmentRegion = en;
			hasScannedForEncodings = 0;
			knownRegions = (
				en,
				Base,
			);
			mainGroup = 03A9A3302560E83700FC3E17;
			packageReferences = (
				03852D982585DB0200A116B0 /* XCRemoteSwiftPackageReference "GR" */,
			);
			productRefGroup = 03A9A33A2560E83700FC3E17 /* Products */;
			projectDirPath = "";
			projectRoot = "";
			targets = (
				03A9A3382560E83700FC3E17 /* GRPlayer */,
			);
		};
/* End PBXProject section */

/* Begin PBXResourcesBuildPhase section */
		03A9A3372560E83700FC3E17 /* Resources */ = {
			isa = PBXResourcesBuildPhase;
			buildActionMask = 2147483647;
			files = (
				03A9A3442560E83800FC3E17 /* Preview Assets.xcassets in Resources */,
				03A9A3412560E83800FC3E17 /* Assets.xcassets in Resources */,
			);
			runOnlyForDeploymentPostprocessing = 0;
		};
/* End PBXResourcesBuildPhase section */

/* Begin PBXSourcesBuildPhase section */
		03A9A3352560E83700FC3E17 /* Sources */ = {
			isa = PBXSourcesBuildPhase;
			buildActionMask = 2147483647;
			files = (
				03A9A3C625612A6F00FC3E17 /* HelloPixelProgram.swift in Sources */,
				0336A4042576F4ED00A5B5A0 /* HelloTurtle.swift in Sources */,
				039727F725775667008B9B29 /* SpaceRocksProgram.swift in Sources */,
				0336A4032576E93600A5B5A0 /* DancingLineProgram.swift in Sources */,
				0336A41125774CA600A5B5A0 /* HelloPath.swift in Sources */,
				0336A4022576E90000A5B5A0 /* MoreStixProgram.swift in Sources */,
				0336A3FD2576BFCE00A5B5A0 /* WhirlwindProgram.swift in Sources */,
				0336A3FE2576C07C00A5B5A0 /* MoveProgram.swift in Sources */,
				039633492575D28700CD3301 /* RectanglesProgram.swift in Sources */,
				0396334B2575D2DA00CD3301 /* GravelProgram.swift in Sources */,
				039633472575D03B00CD3301 /* HelloCornersProgram.swift in Sources */,
				03A9A33F2560E83700FC3E17 /* ContentView.swift in Sources */,
				0396334C2575D32500CD3301 /* MandalaProgram.swift in Sources */,
				0336A3FF2576C12400A5B5A0 /* SargonChessboardProgram.swift in Sources */,
				0396334A2575D2AD00CD3301 /* PebblesProgram.swift in Sources */,
				039633562576265F00CD3301 /* BallProgram.swift in Sources */,
				03A9A3C325612A6F00FC3E17 /* EmptyProgram.swift in Sources */,
				0336A4002576E89300A5B5A0 /* HelloVectorProgram.swift in Sources */,
				039633552576219E00CD3301 /* MushroomProgram.swift in Sources */,
				0336A3FA2576B73D00A5B5A0 /* RainingHeartsProgram.swift in Sources */,
				039633482575D22A00CD3301 /* DotsAndLinesProgram.swift in Sources */,
				0336A4012576E8C000A5B5A0 /* StixProgram.swift in Sources */,
				03A9A33D2560E83700FC3E17 /* GRPlayerApp.swift in Sources */,
				0336A3FB2576BAE800A5B5A0 /* DripProgram.swift in Sources */,
				0336A3FC2576BD0E00A5B5A0 /* SparklerProgram.swift in Sources */,
			);
			runOnlyForDeploymentPostprocessing = 0;
		};
/* End PBXSourcesBuildPhase section */

/* Begin XCBuildConfiguration section */
		03A9A3462560E83800FC3E17 /* Debug */ = {
			isa = XCBuildConfiguration;
			buildSettings = {
				ALWAYS_SEARCH_USER_PATHS = NO;
				CLANG_ANALYZER_NONNULL = YES;
				CLANG_ANALYZER_NUMBER_OBJECT_CONVERSION = YES_AGGRESSIVE;
				CLANG_CXX_LANGUAGE_STANDARD = "gnu++14";
				CLANG_CXX_LIBRARY = "libc++";
				CLANG_ENABLE_MODULES = YES;
				CLANG_ENABLE_OBJC_ARC = YES;
				CLANG_ENABLE_OBJC_WEAK = YES;
				CLANG_WARN_BLOCK_CAPTURE_AUTORELEASING = YES;
				CLANG_WARN_BOOL_CONVERSION = YES;
				CLANG_WARN_COMMA = YES;
				CLANG_WARN_CONSTANT_CONVERSION = YES;
				CLANG_WARN_DEPRECATED_OBJC_IMPLEMENTATIONS = YES;
				CLANG_WARN_DIRECT_OBJC_ISA_USAGE = YES_ERROR;
				CLANG_WARN_DOCUMENTATION_COMMENTS = YES;
				CLANG_WARN_EMPTY_BODY = YES;
				CLANG_WARN_ENUM_CONVERSION = YES;
				CLANG_WARN_INFINITE_RECURSION = YES;
				CLANG_WARN_INT_CONVERSION = YES;
				CLANG_WARN_NON_LITERAL_NULL_CONVERSION = YES;
				CLANG_WARN_OBJC_IMPLICIT_RETAIN_SELF = YES;
				CLANG_WARN_OBJC_LITERAL_CONVERSION = YES;
				CLANG_WARN_OBJC_ROOT_CLASS = YES_ERROR;
				CLANG_WARN_QUOTED_INCLUDE_IN_FRAMEWORK_HEADER = YES;
				CLANG_WARN_RANGE_LOOP_ANALYSIS = YES;
				CLANG_WARN_STRICT_PROTOTYPES = YES;
				CLANG_WARN_SUSPICIOUS_MOVE = YES;
				CLANG_WARN_UNGUARDED_AVAILABILITY = YES_AGGRESSIVE;
				CLANG_WARN_UNREACHABLE_CODE = YES;
				CLANG_WARN__DUPLICATE_METHOD_MATCH = YES;
				COPY_PHASE_STRIP = NO;
				DEBUG_INFORMATION_FORMAT = dwarf;
				ENABLE_STRICT_OBJC_MSGSEND = YES;
				ENABLE_TESTABILITY = YES;
				GCC_C_LANGUAGE_STANDARD = gnu11;
				GCC_DYNAMIC_NO_PIC = NO;
				GCC_NO_COMMON_BLOCKS = YES;
				GCC_OPTIMIZATION_LEVEL = 0;
				GCC_PREPROCESSOR_DEFINITIONS = (
					"DEBUG=1",
					"$(inherited)",
				);
				GCC_WARN_64_TO_32_BIT_CONVERSION = YES;
				GCC_WARN_ABOUT_RETURN_TYPE = YES_ERROR;
				GCC_WARN_UNDECLARED_SELECTOR = YES;
				GCC_WARN_UNINITIALIZED_AUTOS = YES_AGGRESSIVE;
				GCC_WARN_UNUSED_FUNCTION = YES;
				GCC_WARN_UNUSED_VARIABLE = YES;
				IPHONEOS_DEPLOYMENT_TARGET = 14.2;
				MTL_ENABLE_DEBUG_INFO = INCLUDE_SOURCE;
				MTL_FAST_MATH = YES;
				ONLY_ACTIVE_ARCH = YES;
				SDKROOT = iphoneos;
				SWIFT_ACTIVE_COMPILATION_CONDITIONS = DEBUG;
				SWIFT_OPTIMIZATION_LEVEL = "-Onone";
			};
			name = Debug;
		};
		03A9A3472560E83800FC3E17 /* Release */ = {
			isa = XCBuildConfiguration;
			buildSettings = {
				ALWAYS_SEARCH_USER_PATHS = NO;
				CLANG_ANALYZER_NONNULL = YES;
				CLANG_ANALYZER_NUMBER_OBJECT_CONVERSION = YES_AGGRESSIVE;
				CLANG_CXX_LANGUAGE_STANDARD = "gnu++14";
				CLANG_CXX_LIBRARY = "libc++";
				CLANG_ENABLE_MODULES = YES;
				CLANG_ENABLE_OBJC_ARC = YES;
				CLANG_ENABLE_OBJC_WEAK = YES;
				CLANG_WARN_BLOCK_CAPTURE_AUTORELEASING = YES;
				CLANG_WARN_BOOL_CONVERSION = YES;
				CLANG_WARN_COMMA = YES;
				CLANG_WARN_CONSTANT_CONVERSION = YES;
				CLANG_WARN_DEPRECATED_OBJC_IMPLEMENTATIONS = YES;
				CLANG_WARN_DIRECT_OBJC_ISA_USAGE = YES_ERROR;
				CLANG_WARN_DOCUMENTATION_COMMENTS = YES;
				CLANG_WARN_EMPTY_BODY = YES;
				CLANG_WARN_ENUM_CONVERSION = YES;
				CLANG_WARN_INFINITE_RECURSION = YES;
				CLANG_WARN_INT_CONVERSION = YES;
				CLANG_WARN_NON_LITERAL_NULL_CONVERSION = YES;
				CLANG_WARN_OBJC_IMPLICIT_RETAIN_SELF = YES;
				CLANG_WARN_OBJC_LITERAL_CONVERSION = YES;
				CLANG_WARN_OBJC_ROOT_CLASS = YES_ERROR;
				CLANG_WARN_QUOTED_INCLUDE_IN_FRAMEWORK_HEADER = YES;
				CLANG_WARN_RANGE_LOOP_ANALYSIS = YES;
				CLANG_WARN_STRICT_PROTOTYPES = YES;
				CLANG_WARN_SUSPICIOUS_MOVE = YES;
				CLANG_WARN_UNGUARDED_AVAILABILITY = YES_AGGRESSIVE;
				CLANG_WARN_UNREACHABLE_CODE = YES;
				CLANG_WARN__DUPLICATE_METHOD_MATCH = YES;
				COPY_PHASE_STRIP = NO;
				DEBUG_INFORMATION_FORMAT = "dwarf-with-dsym";
				ENABLE_NS_ASSERTIONS = NO;
				ENABLE_STRICT_OBJC_MSGSEND = YES;
				GCC_C_LANGUAGE_STANDARD = gnu11;
				GCC_NO_COMMON_BLOCKS = YES;
				GCC_WARN_64_TO_32_BIT_CONVERSION = YES;
				GCC_WARN_ABOUT_RETURN_TYPE = YES_ERROR;
				GCC_WARN_UNDECLARED_SELECTOR = YES;
				GCC_WARN_UNINITIALIZED_AUTOS = YES_AGGRESSIVE;
				GCC_WARN_UNUSED_FUNCTION = YES;
				GCC_WARN_UNUSED_VARIABLE = YES;
				IPHONEOS_DEPLOYMENT_TARGET = 14.2;
				MTL_ENABLE_DEBUG_INFO = NO;
				MTL_FAST_MATH = YES;
				SDKROOT = iphoneos;
				SWIFT_COMPILATION_MODE = wholemodule;
				SWIFT_OPTIMIZATION_LEVEL = "-O";
				VALIDATE_PRODUCT = YES;
			};
			name = Release;
		};
		03A9A3492560E83800FC3E17 /* Debug */ = {
			isa = XCBuildConfiguration;
			buildSettings = {
				ASSETCATALOG_COMPILER_APPICON_NAME = AppIcon;
				ASSETCATALOG_COMPILER_GLOBAL_ACCENT_COLOR_NAME = AccentColor;
				CODE_SIGN_ENTITLEMENTS = GRPlayer/GRPlayer.entitlements;
				CODE_SIGN_STYLE = Automatic;
				DEVELOPMENT_ASSET_PATHS = "\"GRPlayer/Preview Content\"";
				DEVELOPMENT_TEAM = 92TUA8H52D;
				ENABLE_PREVIEWS = YES;
				INFOPLIST_FILE = GRPlayer/Info.plist;
				IPHONEOS_DEPLOYMENT_TARGET = 14.2;
				"IPHONEOS_DEPLOYMENT_TARGET[sdk=macosx*]" = 14.2;
				LD_RUNPATH_SEARCH_PATHS = (
					"$(inherited)",
					"@executable_path/Frameworks",
				);
				PRODUCT_BUNDLE_IDENTIFIER = arciem.GRPlayer;
				PRODUCT_NAME = "$(TARGET_NAME)";
				SUPPORTS_MACCATALYST = YES;
				SWIFT_VERSION = 5.0;
				TARGETED_DEVICE_FAMILY = "1,2,6";
			};
			name = Debug;
		};
		03A9A34A2560E83800FC3E17 /* Release */ = {
			isa = XCBuildConfiguration;
			buildSettings = {
				ASSETCATALOG_COMPILER_APPICON_NAME = AppIcon;
				ASSETCATALOG_COMPILER_GLOBAL_ACCENT_COLOR_NAME = AccentColor;
				CODE_SIGN_ENTITLEMENTS = GRPlayer/GRPlayer.entitlements;
				CODE_SIGN_STYLE = Automatic;
				DEVELOPMENT_ASSET_PATHS = "\"GRPlayer/Preview Content\"";
				DEVELOPMENT_TEAM = 92TUA8H52D;
				ENABLE_PREVIEWS = YES;
				INFOPLIST_FILE = GRPlayer/Info.plist;
				IPHONEOS_DEPLOYMENT_TARGET = 14.2;
				"IPHONEOS_DEPLOYMENT_TARGET[sdk=macosx*]" = 14.2;
				LD_RUNPATH_SEARCH_PATHS = (
					"$(inherited)",
					"@executable_path/Frameworks",
				);
				PRODUCT_BUNDLE_IDENTIFIER = arciem.GRPlayer;
				PRODUCT_NAME = "$(TARGET_NAME)";
				SUPPORTS_MACCATALYST = YES;
				SWIFT_VERSION = 5.0;
				TARGETED_DEVICE_FAMILY = "1,2,6";
			};
			name = Release;
		};
/* End XCBuildConfiguration section */

/* Begin XCConfigurationList section */
		03A9A3342560E83700FC3E17 /* Build configuration list for PBXProject "GRPlayer" */ = {
			isa = XCConfigurationList;
			buildConfigurations = (
				03A9A3462560E83800FC3E17 /* Debug */,
				03A9A3472560E83800FC3E17 /* Release */,
			);
			defaultConfigurationIsVisible = 0;
			defaultConfigurationName = Release;
		};
		03A9A3482560E83800FC3E17 /* Build configuration list for PBXNativeTarget "GRPlayer" */ = {
			isa = XCConfigurationList;
			buildConfigurations = (
				03A9A3492560E83800FC3E17 /* Debug */,
				03A9A34A2560E83800FC3E17 /* Release */,
			);
			defaultConfigurationIsVisible = 0;
			defaultConfigurationName = Release;
		};
/* End XCConfigurationList section */

/* Begin XCRemoteSwiftPackageReference section */
		03852D982585DB0200A116B0 /* XCRemoteSwiftPackageReference "GR" */ = {
			isa = XCRemoteSwiftPackageReference;
			repositoryURL = "https://github.com/wolfmcnally/GR.git";
			requirement = {
				branch = master;
				kind = branch;
			};
		};
/* End XCRemoteSwiftPackageReference section */

/* Begin XCSwiftPackageProductDependency section */
		03852D992585DB0200A116B0 /* GR */ = {
			isa = XCSwiftPackageProductDependency;
			package = 03852D982585DB0200A116B0 /* XCRemoteSwiftPackageReference "GR" */;
			productName = GR;
		};
/* End XCSwiftPackageProductDependency section */
	};
	rootObject = 03A9A3312560E83700FC3E17 /* Project object */;
}
