// !$*UTF8*$!
{
	archiveVersion = 1;
	classes = {
	};
	objectVersion = 52;
	objects = {

/* Begin PBXBuildFile section */
		03852D9A2585DB0200A116B0 /* GR in Frameworks */ = {isa = PBXBuildFile; productRef = 03852D992585DB0200A116B0 /* GR */; };
		03A9A33D2560E83700FC3E17 /* GRPlayerApp.swift in Sources */ = {isa = PBXBuildFile; fileRef = 03A9A33C2560E83700FC3E17 /* GRPlayerApp.swift */; };
		03A9A33F2560E83700FC3E17 /* ContentView.swift in Sources */ = {isa = PBXBuildFile; fileRef = 03A9A33E2560E83700FC3E17 /* ContentView.swift */; };
		03A9A3412560E83800FC3E17 /* Assets.xcassets in Resources */ = {isa = PBXBuildFile; fileRef = 03A9A3402560E83800FC3E17 /* Assets.xcassets */; };
		03A9A3442560E83800FC3E17 /* Preview Assets.xcassets in Resources */ = {isa = PBXBuildFile; fileRef = 03A9A3432560E83800FC3E17 /* Preview Assets.xcassets */; };
		7927087325D219E1000E9FFE /* CMYColorMixer.swift in Sources */ = {isa = PBXBuildFile; fileRef = 7927087225D219E1000E9FFE /* CMYColorMixer.swift */; };
		7927087725D2396B000E9FFE /* HSBColorMixer.swift in Sources */ = {isa = PBXBuildFile; fileRef = 7927087625D2396B000E9FFE /* HSBColorMixer.swift */; };
		793FAB3A25D09FEA000642BE /* RandomWalk.swift in Sources */ = {isa = PBXBuildFile; fileRef = 793FAB3925D09FEA000642BE /* RandomWalk.swift */; };
		793FAB4025D0EA91000642BE /* DrawMaze.swift in Sources */ = {isa = PBXBuildFile; fileRef = 793FAB3C25D0AAD9000642BE /* DrawMaze.swift */; };
		7972C21C25C39316009F9C20 /* TableOfContents.swift in Sources */ = {isa = PBXBuildFile; fileRef = 7972C21B25C39316009F9C20 /* TableOfContents.swift */; };
		7972C22725C398AB009F9C20 /* ProgramInfo.swift in Sources */ = {isa = PBXBuildFile; fileRef = 7972C22625C398AB009F9C20 /* ProgramInfo.swift */; };
		7972C24125C3DBB5009F9C20 /* ContentsMenu.swift in Sources */ = {isa = PBXBuildFile; fileRef = 7972C24025C3DBB5009F9C20 /* ContentsMenu.swift */; };
		7972C25B25C3E50D009F9C20 /* Gravel.swift in Sources */ = {isa = PBXBuildFile; fileRef = 03A9A3C125612A6F00FC3E17 /* Gravel.swift */; };
		7972C25C25C3E50D009F9C20 /* Mushrooms.swift in Sources */ = {isa = PBXBuildFile; fileRef = 03A9A3C725612B7A00FC3E17 /* Mushrooms.swift */; };
		7972C25D25C3E50D009F9C20 /* Chessboard.swift in Sources */ = {isa = PBXBuildFile; fileRef = 03A9A3D225612B7B00FC3E17 /* Chessboard.swift */; };
		7972C25E25C3E50D009F9C20 /* SpaceRocks.swift in Sources */ = {isa = PBXBuildFile; fileRef = 039727F625775667008B9B29 /* SpaceRocks.swift */; };
		7972C25F25C3E50D009F9C20 /* TheDrip.swift in Sources */ = {isa = PBXBuildFile; fileRef = 03A9A4272562047F00FC3E17 /* TheDrip.swift */; };
		7972C26025C3E50D009F9C20 /* EmptyProgram.swift in Sources */ = {isa = PBXBuildFile; fileRef = 03A9A3BF25612A6F00FC3E17 /* EmptyProgram.swift */; };
		7972C26125C3E50D009F9C20 /* HelloPath.swift in Sources */ = {isa = PBXBuildFile; fileRef = 0336A41025774CA600A5B5A0 /* HelloPath.swift */; };
		7972C26225C3E50D009F9C20 /* HelloCorners.swift in Sources */ = {isa = PBXBuildFile; fileRef = 03A9A4232561FA6B00FC3E17 /* HelloCorners.swift */; };
		7972C26325C3E50D009F9C20 /* BouncingBalls.swift in Sources */ = {isa = PBXBuildFile; fileRef = 03A9A3C025612A6F00FC3E17 /* BouncingBalls.swift */; };
		7972C26425C3E50D009F9C20 /* Pebbles.swift in Sources */ = {isa = PBXBuildFile; fileRef = 03A9A3CE25612B7B00FC3E17 /* Pebbles.swift */; };
		7972C26525C3E50D009F9C20 /* RainingHearts.swift in Sources */ = {isa = PBXBuildFile; fileRef = 03A9A3FE2561D34200FC3E17 /* RainingHearts.swift */; };
		7972C26625C3E50D009F9C20 /* Stix.swift in Sources */ = {isa = PBXBuildFile; fileRef = 03FDFB6B2574BAAF00F13953 /* Stix.swift */; };
		7972C26725C3E50D009F9C20 /* Sparkler.swift in Sources */ = {isa = PBXBuildFile; fileRef = 03A9A40F2561EA8B00FC3E17 /* Sparkler.swift */; };
		7972C26825C3E50D009F9C20 /* Whirlwind.swift in Sources */ = {isa = PBXBuildFile; fileRef = 03A9A4112561EC1C00FC3E17 /* Whirlwind.swift */; };
		7972C26925C3E50D009F9C20 /* Mandala.swift in Sources */ = {isa = PBXBuildFile; fileRef = 03A9A3CF25612B7B00FC3E17 /* Mandala.swift */; };
		7972C26A25C3E50D009F9C20 /* HelloVector.swift in Sources */ = {isa = PBXBuildFile; fileRef = 03FDFB6525747D4F00F13953 /* HelloVector.swift */; };
		7972C26B25C3E50D009F9C20 /* HelloMovement.swift in Sources */ = {isa = PBXBuildFile; fileRef = 03A9A3CA25612B7A00FC3E17 /* HelloMovement.swift */; };
		7972C26C25C3E50D009F9C20 /* MoreStix.swift in Sources */ = {isa = PBXBuildFile; fileRef = 03FDFB6D2574BF1500F13953 /* MoreStix.swift */; };
		7972C26D25C3E50D009F9C20 /* HelloTurtle.swift in Sources */ = {isa = PBXBuildFile; fileRef = 039633422575BC1C00CD3301 /* HelloTurtle.swift */; };
		7972C26E25C3E50D009F9C20 /* HelloPixel.swift in Sources */ = {isa = PBXBuildFile; fileRef = 03A9A3C225612A6F00FC3E17 /* HelloPixel.swift */; };
		7972C26F25C3E50D009F9C20 /* Rectangles.swift in Sources */ = {isa = PBXBuildFile; fileRef = 03A9A3D025612B7B00FC3E17 /* Rectangles.swift */; };
		7972C27025C3E50D009F9C20 /* DotsAndLines.swift in Sources */ = {isa = PBXBuildFile; fileRef = 03A9A3D425612B7B00FC3E17 /* DotsAndLines.swift */; };
		7972C27125C3E50D009F9C20 /* DancingLines.swift in Sources */ = {isa = PBXBuildFile; fileRef = 03FDFB6F2574C0E400F13953 /* DancingLines.swift */; };
		7972C28A25C3FB7B009F9C20 /* ProgramHeader.swift in Sources */ = {isa = PBXBuildFile; fileRef = 7972C28925C3FB7B009F9C20 /* ProgramHeader.swift */; };
		79BAE6DB25CA0F0F0048C6CA /* HelloPlayer.swift in Sources */ = {isa = PBXBuildFile; fileRef = 79BAE6DA25CA0F0F0048C6CA /* HelloPlayer.swift */; };
		79F8446725D1C084005073BC /* RGBColorMixer.swift in Sources */ = {isa = PBXBuildFile; fileRef = 79F8446625D1C084005073BC /* RGBColorMixer.swift */; };
/* End PBXBuildFile section */

/* Begin PBXFileReference section */
		0336A41025774CA600A5B5A0 /* HelloPath.swift */ = {isa = PBXFileReference; lastKnownFileType = sourcecode.swift; path = HelloPath.swift; sourceTree = "<group>"; };
		03852CFA25859DB500A116B0 /* GR.framework */ = {isa = PBXFileReference; explicitFileType = wrapper.framework; path = GR.framework; sourceTree = BUILT_PRODUCTS_DIR; };
		039633422575BC1C00CD3301 /* HelloTurtle.swift */ = {isa = PBXFileReference; lastKnownFileType = sourcecode.swift; path = HelloTurtle.swift; sourceTree = "<group>"; };
		039727F625775667008B9B29 /* SpaceRocks.swift */ = {isa = PBXFileReference; lastKnownFileType = sourcecode.swift; path = SpaceRocks.swift; sourceTree = "<group>"; };
		03A9A3392560E83700FC3E17 /* GRPlayer.app */ = {isa = PBXFileReference; explicitFileType = wrapper.application; includeInIndex = 0; path = GRPlayer.app; sourceTree = BUILT_PRODUCTS_DIR; };
		03A9A33C2560E83700FC3E17 /* GRPlayerApp.swift */ = {isa = PBXFileReference; lastKnownFileType = sourcecode.swift; path = GRPlayerApp.swift; sourceTree = "<group>"; };
		03A9A33E2560E83700FC3E17 /* ContentView.swift */ = {isa = PBXFileReference; lastKnownFileType = sourcecode.swift; path = ContentView.swift; sourceTree = "<group>"; };
		03A9A3402560E83800FC3E17 /* Assets.xcassets */ = {isa = PBXFileReference; lastKnownFileType = folder.assetcatalog; path = Assets.xcassets; sourceTree = "<group>"; };
		03A9A3432560E83800FC3E17 /* Preview Assets.xcassets */ = {isa = PBXFileReference; lastKnownFileType = folder.assetcatalog; path = "Preview Assets.xcassets"; sourceTree = "<group>"; };
		03A9A3452560E83800FC3E17 /* Info.plist */ = {isa = PBXFileReference; lastKnownFileType = text.plist.xml; path = Info.plist; sourceTree = "<group>"; };
		03A9A34C2560E86700FC3E17 /* GRPlayer.entitlements */ = {isa = PBXFileReference; lastKnownFileType = text.plist.entitlements; path = GRPlayer.entitlements; sourceTree = "<group>"; };
		03A9A34F2560E8A800FC3E17 /* GR.framework */ = {isa = PBXFileReference; explicitFileType = wrapper.framework; path = GR.framework; sourceTree = BUILT_PRODUCTS_DIR; };
		03A9A3BF25612A6F00FC3E17 /* EmptyProgram.swift */ = {isa = PBXFileReference; fileEncoding = 4; lastKnownFileType = sourcecode.swift; path = EmptyProgram.swift; sourceTree = "<group>"; };
		03A9A3C025612A6F00FC3E17 /* BouncingBalls.swift */ = {isa = PBXFileReference; fileEncoding = 4; lastKnownFileType = sourcecode.swift; path = BouncingBalls.swift; sourceTree = "<group>"; };
		03A9A3C125612A6F00FC3E17 /* Gravel.swift */ = {isa = PBXFileReference; fileEncoding = 4; lastKnownFileType = sourcecode.swift; path = Gravel.swift; sourceTree = "<group>"; };
		03A9A3C225612A6F00FC3E17 /* HelloPixel.swift */ = {isa = PBXFileReference; fileEncoding = 4; lastKnownFileType = sourcecode.swift; path = HelloPixel.swift; sourceTree = "<group>"; };
		03A9A3C725612B7A00FC3E17 /* Mushrooms.swift */ = {isa = PBXFileReference; fileEncoding = 4; lastKnownFileType = sourcecode.swift; path = Mushrooms.swift; sourceTree = "<group>"; };
		03A9A3CA25612B7A00FC3E17 /* HelloMovement.swift */ = {isa = PBXFileReference; fileEncoding = 4; lastKnownFileType = sourcecode.swift; path = HelloMovement.swift; sourceTree = "<group>"; };
		03A9A3CE25612B7B00FC3E17 /* Pebbles.swift */ = {isa = PBXFileReference; fileEncoding = 4; lastKnownFileType = sourcecode.swift; path = Pebbles.swift; sourceTree = "<group>"; };
		03A9A3CF25612B7B00FC3E17 /* Mandala.swift */ = {isa = PBXFileReference; fileEncoding = 4; lastKnownFileType = sourcecode.swift; path = Mandala.swift; sourceTree = "<group>"; };
		03A9A3D025612B7B00FC3E17 /* Rectangles.swift */ = {isa = PBXFileReference; fileEncoding = 4; lastKnownFileType = sourcecode.swift; path = Rectangles.swift; sourceTree = "<group>"; };
		03A9A3D225612B7B00FC3E17 /* Chessboard.swift */ = {isa = PBXFileReference; fileEncoding = 4; lastKnownFileType = sourcecode.swift; path = Chessboard.swift; sourceTree = "<group>"; };
		03A9A3D425612B7B00FC3E17 /* DotsAndLines.swift */ = {isa = PBXFileReference; fileEncoding = 4; lastKnownFileType = sourcecode.swift; path = DotsAndLines.swift; sourceTree = "<group>"; };
		03A9A3FE2561D34200FC3E17 /* RainingHearts.swift */ = {isa = PBXFileReference; fileEncoding = 4; lastKnownFileType = sourcecode.swift; path = RainingHearts.swift; sourceTree = "<group>"; };
		03A9A40F2561EA8B00FC3E17 /* Sparkler.swift */ = {isa = PBXFileReference; fileEncoding = 4; lastKnownFileType = sourcecode.swift; path = Sparkler.swift; sourceTree = "<group>"; };
		03A9A4112561EC1C00FC3E17 /* Whirlwind.swift */ = {isa = PBXFileReference; fileEncoding = 4; lastKnownFileType = sourcecode.swift; path = Whirlwind.swift; sourceTree = "<group>"; };
		03A9A4232561FA6B00FC3E17 /* HelloCorners.swift */ = {isa = PBXFileReference; lastKnownFileType = sourcecode.swift; path = HelloCorners.swift; sourceTree = "<group>"; };
		03A9A4272562047F00FC3E17 /* TheDrip.swift */ = {isa = PBXFileReference; fileEncoding = 4; lastKnownFileType = sourcecode.swift; path = TheDrip.swift; sourceTree = "<group>"; };
		03FDFB6525747D4F00F13953 /* HelloVector.swift */ = {isa = PBXFileReference; lastKnownFileType = sourcecode.swift; path = HelloVector.swift; sourceTree = "<group>"; };
		03FDFB6B2574BAAF00F13953 /* Stix.swift */ = {isa = PBXFileReference; lastKnownFileType = sourcecode.swift; path = Stix.swift; sourceTree = "<group>"; };
		03FDFB6D2574BF1500F13953 /* MoreStix.swift */ = {isa = PBXFileReference; lastKnownFileType = sourcecode.swift; path = MoreStix.swift; sourceTree = "<group>"; };
		03FDFB6F2574C0E400F13953 /* DancingLines.swift */ = {isa = PBXFileReference; lastKnownFileType = sourcecode.swift; path = DancingLines.swift; sourceTree = "<group>"; };
		7927087225D219E1000E9FFE /* CMYColorMixer.swift */ = {isa = PBXFileReference; lastKnownFileType = sourcecode.swift; path = CMYColorMixer.swift; sourceTree = "<group>"; };
		7927087625D2396B000E9FFE /* HSBColorMixer.swift */ = {isa = PBXFileReference; lastKnownFileType = sourcecode.swift; path = HSBColorMixer.swift; sourceTree = "<group>"; };
		793FAB3925D09FEA000642BE /* RandomWalk.swift */ = {isa = PBXFileReference; lastKnownFileType = sourcecode.swift; path = RandomWalk.swift; sourceTree = "<group>"; };
		793FAB3C25D0AAD9000642BE /* DrawMaze.swift */ = {isa = PBXFileReference; lastKnownFileType = sourcecode.swift; path = DrawMaze.swift; sourceTree = "<group>"; };
		7972C21B25C39316009F9C20 /* TableOfContents.swift */ = {isa = PBXFileReference; lastKnownFileType = sourcecode.swift; path = TableOfContents.swift; sourceTree = "<group>"; };
		7972C22625C398AB009F9C20 /* ProgramInfo.swift */ = {isa = PBXFileReference; lastKnownFileType = sourcecode.swift; path = ProgramInfo.swift; sourceTree = "<group>"; };
		7972C24025C3DBB5009F9C20 /* ContentsMenu.swift */ = {isa = PBXFileReference; lastKnownFileType = sourcecode.swift; path = ContentsMenu.swift; sourceTree = "<group>"; };
		7972C28925C3FB7B009F9C20 /* ProgramHeader.swift */ = {isa = PBXFileReference; lastKnownFileType = sourcecode.swift; path = ProgramHeader.swift; sourceTree = "<group>"; };
		79BAE6DA25CA0F0F0048C6CA /* HelloPlayer.swift */ = {isa = PBXFileReference; lastKnownFileType = sourcecode.swift; path = HelloPlayer.swift; sourceTree = "<group>"; };
		79F8446625D1C084005073BC /* RGBColorMixer.swift */ = {isa = PBXFileReference; lastKnownFileType = sourcecode.swift; path = RGBColorMixer.swift; sourceTree = "<group>"; };
/* End PBXFileReference section */

/* Begin PBXFrameworksBuildPhase section */
		03A9A3362560E83700FC3E17 /* Frameworks */ = {
			isa = PBXFrameworksBuildPhase;
			buildActionMask = 2147483647;
			files = (
				03852D9A2585DB0200A116B0 /* GR in Frameworks */,
			);
			runOnlyForDeploymentPostprocessing = 0;
		};
/* End PBXFrameworksBuildPhase section */

/* Begin PBXGroup section */
		03A9A3302560E83700FC3E17 = {
			isa = PBXGroup;
			children = (
				03A9A33B2560E83700FC3E17 /* GRPlayer */,
				03A9A33A2560E83700FC3E17 /* Products */,
				03A9A34E2560E8A800FC3E17 /* Frameworks */,
			);
			sourceTree = "<group>";
		};
		03A9A33A2560E83700FC3E17 /* Products */ = {
			isa = PBXGroup;
			children = (
				03A9A3392560E83700FC3E17 /* GRPlayer.app */,
			);
			name = Products;
			sourceTree = "<group>";
		};
		03A9A33B2560E83700FC3E17 /* GRPlayer */ = {
			isa = PBXGroup;
			children = (
				03A9A33C2560E83700FC3E17 /* GRPlayerApp.swift */,
				03A9A33E2560E83700FC3E17 /* ContentView.swift */,
				7972C21B25C39316009F9C20 /* TableOfContents.swift */,
				7972C24025C3DBB5009F9C20 /* ContentsMenu.swift */,
				7972C22625C398AB009F9C20 /* ProgramInfo.swift */,
				7972C28925C3FB7B009F9C20 /* ProgramHeader.swift */,
				03A9A3BE25612A3E00FC3E17 /* Programs */,
				03A9A3402560E83800FC3E17 /* Assets.xcassets */,
				03A9A34C2560E86700FC3E17 /* GRPlayer.entitlements */,
				03A9A3452560E83800FC3E17 /* Info.plist */,
				03A9A3422560E83800FC3E17 /* Preview Content */,
			);
			path = GRPlayer;
			sourceTree = "<group>";
		};
		03A9A3422560E83800FC3E17 /* Preview Content */ = {
			isa = PBXGroup;
			children = (
				03A9A3432560E83800FC3E17 /* Preview Assets.xcassets */,
			);
			path = "Preview Content";
			sourceTree = "<group>";
		};
		03A9A34E2560E8A800FC3E17 /* Frameworks */ = {
			isa = PBXGroup;
			children = (
				03852CFA25859DB500A116B0 /* GR.framework */,
				03A9A34F2560E8A800FC3E17 /* GR.framework */,
			);
			name = Frameworks;
			sourceTree = "<group>";
		};
		03A9A3BE25612A3E00FC3E17 /* Programs */ = {
			isa = PBXGroup;
			children = (
				7972C27A25C3EC72009F9C20 /* GettingStarted */,
				79F8446525D1C068005073BC /* UnderstandingColor */,
				7972C27C25C3ECA2009F9C20 /* BasicAnimation */,
				7972C27D25C3ECB5009F9C20 /* ShapesAndSprites */,
				79BAE6D925CA0EFC0048C6CA /* Interaction */,
				7972C27E25C3ECC1009F9C20 /* Grids */,
				7972C28025C3ECE7009F9C20 /* Toys */,
				7972C28225C3ECFC009F9C20 /* Dazzlers */,
				7972C28425C3ED25009F9C20 /* VectorGraphics */,
				7972C28625C3ED68009F9C20 /* TurtleGraphics */,
				7972C28C25C3FE71009F9C20 /* VectorGames */,
			);
			path = Programs;
			sourceTree = "<group>";
		};
		7972C27A25C3EC72009F9C20 /* GettingStarted */ = {
			isa = PBXGroup;
			children = (
				03A9A3BF25612A6F00FC3E17 /* EmptyProgram.swift */,
				03A9A3C225612A6F00FC3E17 /* HelloPixel.swift */,
				03A9A4232561FA6B00FC3E17 /* HelloCorners.swift */,
				03A9A3D425612B7B00FC3E17 /* DotsAndLines.swift */,
				03A9A3D025612B7B00FC3E17 /* Rectangles.swift */,
			);
			path = GettingStarted;
			sourceTree = "<group>";
		};
		7972C27C25C3ECA2009F9C20 /* BasicAnimation */ = {
			isa = PBXGroup;
			children = (
				03A9A3CE25612B7B00FC3E17 /* Pebbles.swift */,
				03A9A3C125612A6F00FC3E17 /* Gravel.swift */,
				03A9A3CA25612B7A00FC3E17 /* HelloMovement.swift */,
				03A9A3C025612A6F00FC3E17 /* BouncingBalls.swift */,
				793FAB3925D09FEA000642BE /* RandomWalk.swift */,
			);
			path = BasicAnimation;
			sourceTree = "<group>";
		};
		7972C27D25C3ECB5009F9C20 /* ShapesAndSprites */ = {
			isa = PBXGroup;
			children = (
				03A9A3C725612B7A00FC3E17 /* Mushrooms.swift */,
				03A9A3FE2561D34200FC3E17 /* RainingHearts.swift */,
			);
			path = ShapesAndSprites;
			sourceTree = "<group>";
		};
		7972C27E25C3ECC1009F9C20 /* Grids */ = {
			isa = PBXGroup;
			children = (
				03A9A3D225612B7B00FC3E17 /* Chessboard.swift */,
			);
			path = Grids;
			sourceTree = "<group>";
		};
		7972C28025C3ECE7009F9C20 /* Toys */ = {
			isa = PBXGroup;
			children = (
				03A9A4272562047F00FC3E17 /* TheDrip.swift */,
				03A9A40F2561EA8B00FC3E17 /* Sparkler.swift */,
			);
			path = Toys;
			sourceTree = "<group>";
		};
		7972C28225C3ECFC009F9C20 /* Dazzlers */ = {
			isa = PBXGroup;
			children = (
				793FAB3C25D0AAD9000642BE /* DrawMaze.swift */,
				03A9A3CF25612B7B00FC3E17 /* Mandala.swift */,
				03A9A4112561EC1C00FC3E17 /* Whirlwind.swift */,
			);
			path = Dazzlers;
			sourceTree = "<group>";
		};
		7972C28425C3ED25009F9C20 /* VectorGraphics */ = {
			isa = PBXGroup;
			children = (
				03FDFB6525747D4F00F13953 /* HelloVector.swift */,
				0336A41025774CA600A5B5A0 /* HelloPath.swift */,
				03FDFB6B2574BAAF00F13953 /* Stix.swift */,
				03FDFB6D2574BF1500F13953 /* MoreStix.swift */,
				03FDFB6F2574C0E400F13953 /* DancingLines.swift */,
			);
			path = VectorGraphics;
			sourceTree = "<group>";
		};
		7972C28625C3ED68009F9C20 /* TurtleGraphics */ = {
			isa = PBXGroup;
			children = (
				039633422575BC1C00CD3301 /* HelloTurtle.swift */,
			);
			path = TurtleGraphics;
			sourceTree = "<group>";
		};
		7972C28C25C3FE71009F9C20 /* VectorGames */ = {
			isa = PBXGroup;
			children = (
				039727F625775667008B9B29 /* SpaceRocks.swift */,
			);
			path = VectorGames;
			sourceTree = "<group>";
		};
		79BAE6D925CA0EFC0048C6CA /* Interaction */ = {
			isa = PBXGroup;
			children = (
				79BAE6DA25CA0F0F0048C6CA /* HelloPlayer.swift */,
			);
			path = Interaction;
			sourceTree = "<group>";
		};
		79F8446525D1C068005073BC /* UnderstandingColor */ = {
			isa = PBXGroup;
			children = (
				79F8446625D1C084005073BC /* RGBColorMixer.swift */,
				7927087225D219E1000E9FFE /* CMYColorMixer.swift */,
				7927087625D2396B000E9FFE /* HSBColorMixer.swift */,
			);
			path = UnderstandingColor;
			sourceTree = "<group>";
		};
/* End PBXGroup section */

/* Begin PBXNativeTarget section */
		03A9A3382560E83700FC3E17 /* GRPlayer */ = {
			isa = PBXNativeTarget;
			buildConfigurationList = 03A9A3482560E83800FC3E17 /* Build configuration list for PBXNativeTarget "GRPlayer" */;
			buildPhases = (
				03A9A3352560E83700FC3E17 /* Sources */,
				03A9A3362560E83700FC3E17 /* Frameworks */,
				03A9A3372560E83700FC3E17 /* Resources */,
			);
			buildRules = (
			);
			dependencies = (
			);
			name = GRPlayer;
			packageProductDependencies = (
				03852D992585DB0200A116B0 /* GR */,
			);
			productName = GRPlayer;
			productReference = 03A9A3392560E83700FC3E17 /* GRPlayer.app */;
			productType = "com.apple.product-type.application";
		};
/* End PBXNativeTarget section */

/* Begin PBXProject section */
		03A9A3312560E83700FC3E17 /* Project object */ = {
			isa = PBXProject;
			attributes = {
				LastSwiftUpdateCheck = 1220;
				LastUpgradeCheck = 1220;
				TargetAttributes = {
					03A9A3382560E83700FC3E17 = {
						CreatedOnToolsVersion = 12.2;
					};
				};
			};
			buildConfigurationList = 03A9A3342560E83700FC3E17 /* Build configuration list for PBXProject "GRPlayer" */;
			compatibilityVersion = "Xcode 9.3";
			developmentRegion = en;
			hasScannedForEncodings = 0;
			knownRegions = (
				en,
				Base,
			);
			mainGroup = 03A9A3302560E83700FC3E17;
			packageReferences = (
				03852D982585DB0200A116B0 /* XCRemoteSwiftPackageReference "GR" */,
			);
			productRefGroup = 03A9A33A2560E83700FC3E17 /* Products */;
			projectDirPath = "";
			projectRoot = "";
			targets = (
				03A9A3382560E83700FC3E17 /* GRPlayer */,
			);
		};
/* End PBXProject section */

/* Begin PBXResourcesBuildPhase section */
		03A9A3372560E83700FC3E17 /* Resources */ = {
			isa = PBXResourcesBuildPhase;
			buildActionMask = 2147483647;
			files = (
				03A9A3442560E83800FC3E17 /* Preview Assets.xcassets in Resources */,
				03A9A3412560E83800FC3E17 /* Assets.xcassets in Resources */,
			);
			runOnlyForDeploymentPostprocessing = 0;
		};
/* End PBXResourcesBuildPhase section */

/* Begin PBXSourcesBuildPhase section */
		03A9A3352560E83700FC3E17 /* Sources */ = {
			isa = PBXSourcesBuildPhase;
			buildActionMask = 2147483647;
			files = (
				7972C26D25C3E50D009F9C20 /* HelloTurtle.swift in Sources */,
				7927087725D2396B000E9FFE /* HSBColorMixer.swift in Sources */,
				7972C25B25C3E50D009F9C20 /* Gravel.swift in Sources */,
				7972C26E25C3E50D009F9C20 /* HelloPixel.swift in Sources */,
				7927087325D219E1000E9FFE /* CMYColorMixer.swift in Sources */,
				7972C26025C3E50D009F9C20 /* EmptyProgram.swift in Sources */,
				793FAB4025D0EA91000642BE /* DrawMaze.swift in Sources */,
				79F8446725D1C084005073BC /* RGBColorMixer.swift in Sources */,
				7972C27025C3E50D009F9C20 /* DotsAndLines.swift in Sources */,
				79BAE6DB25CA0F0F0048C6CA /* HelloPlayer.swift in Sources */,
				7972C26825C3E50D009F9C20 /* Whirlwind.swift in Sources */,
				7972C26A25C3E50D009F9C20 /* HelloVector.swift in Sources */,
				7972C25D25C3E50D009F9C20 /* Chessboard.swift in Sources */,
				7972C26125C3E50D009F9C20 /* HelloPath.swift in Sources */,
				7972C22725C398AB009F9C20 /* ProgramInfo.swift in Sources */,
				7972C28A25C3FB7B009F9C20 /* ProgramHeader.swift in Sources */,
				7972C25E25C3E50D009F9C20 /* SpaceRocks.swift in Sources */,
				7972C25F25C3E50D009F9C20 /* TheDrip.swift in Sources */,
				7972C26425C3E50D009F9C20 /* Pebbles.swift in Sources */,
				7972C26B25C3E50D009F9C20 /* HelloMovement.swift in Sources */,
				7972C26F25C3E50D009F9C20 /* Rectangles.swift in Sources */,
				7972C26C25C3E50D009F9C20 /* MoreStix.swift in Sources */,
				7972C26625C3E50D009F9C20 /* Stix.swift in Sources */,
				7972C26925C3E50D009F9C20 /* Mandala.swift in Sources */,
				7972C25C25C3E50D009F9C20 /* Mushrooms.swift in Sources */,
				7972C24125C3DBB5009F9C20 /* ContentsMenu.swift in Sources */,
				03A9A33F2560E83700FC3E17 /* ContentView.swift in Sources */,
				7972C21C25C39316009F9C20 /* TableOfContents.swift in Sources */,
				03A9A33D2560E83700FC3E17 /* GRPlayerApp.swift in Sources */,
				7972C26525C3E50D009F9C20 /* RainingHearts.swift in Sources */,
				793FAB3A25D09FEA000642BE /* RandomWalk.swift in Sources */,
				7972C27125C3E50D009F9C20 /* DancingLines.swift in Sources */,
				7972C26325C3E50D009F9C20 /* BouncingBalls.swift in Sources */,
				7972C26225C3E50D009F9C20 /* HelloCorners.swift in Sources */,
				7972C26725C3E50D009F9C20 /* Sparkler.swift in Sources */,
			);
			runOnlyForDeploymentPostprocessing = 0;
		};
/* End PBXSourcesBuildPhase section */

/* Begin XCBuildConfiguration section */
		03A9A3462560E83800FC3E17 /* Debug */ = {
			isa = XCBuildConfiguration;
			buildSettings = {
				ALWAYS_SEARCH_USER_PATHS = NO;
				CLANG_ANALYZER_NONNULL = YES;
				CLANG_ANALYZER_NUMBER_OBJECT_CONVERSION = YES_AGGRESSIVE;
				CLANG_CXX_LANGUAGE_STANDARD = "gnu++14";
				CLANG_CXX_LIBRARY = "libc++";
				CLANG_ENABLE_MODULES = YES;
				CLANG_ENABLE_OBJC_ARC = YES;
				CLANG_ENABLE_OBJC_WEAK = YES;
				CLANG_WARN_BLOCK_CAPTURE_AUTORELEASING = YES;
				CLANG_WARN_BOOL_CONVERSION = YES;
				CLANG_WARN_COMMA = YES;
				CLANG_WARN_CONSTANT_CONVERSION = YES;
				CLANG_WARN_DEPRECATED_OBJC_IMPLEMENTATIONS = YES;
				CLANG_WARN_DIRECT_OBJC_ISA_USAGE = YES_ERROR;
				CLANG_WARN_DOCUMENTATION_COMMENTS = YES;
				CLANG_WARN_EMPTY_BODY = YES;
				CLANG_WARN_ENUM_CONVERSION = YES;
				CLANG_WARN_INFINITE_RECURSION = YES;
				CLANG_WARN_INT_CONVERSION = YES;
				CLANG_WARN_NON_LITERAL_NULL_CONVERSION = YES;
				CLANG_WARN_OBJC_IMPLICIT_RETAIN_SELF = YES;
				CLANG_WARN_OBJC_LITERAL_CONVERSION = YES;
				CLANG_WARN_OBJC_ROOT_CLASS = YES_ERROR;
				CLANG_WARN_QUOTED_INCLUDE_IN_FRAMEWORK_HEADER = YES;
				CLANG_WARN_RANGE_LOOP_ANALYSIS = YES;
				CLANG_WARN_STRICT_PROTOTYPES = YES;
				CLANG_WARN_SUSPICIOUS_MOVE = YES;
				CLANG_WARN_UNGUARDED_AVAILABILITY = YES_AGGRESSIVE;
				CLANG_WARN_UNREACHABLE_CODE = YES;
				CLANG_WARN__DUPLICATE_METHOD_MATCH = YES;
				COPY_PHASE_STRIP = NO;
				DEBUG_INFORMATION_FORMAT = dwarf;
				ENABLE_STRICT_OBJC_MSGSEND = YES;
				ENABLE_TESTABILITY = YES;
				GCC_C_LANGUAGE_STANDARD = gnu11;
				GCC_DYNAMIC_NO_PIC = NO;
				GCC_NO_COMMON_BLOCKS = YES;
				GCC_OPTIMIZATION_LEVEL = 0;
				GCC_PREPROCESSOR_DEFINITIONS = (
					"DEBUG=1",
					"$(inherited)",
				);
				GCC_WARN_64_TO_32_BIT_CONVERSION = YES;
				GCC_WARN_ABOUT_RETURN_TYPE = YES_ERROR;
				GCC_WARN_UNDECLARED_SELECTOR = YES;
				GCC_WARN_UNINITIALIZED_AUTOS = YES_AGGRESSIVE;
				GCC_WARN_UNUSED_FUNCTION = YES;
				GCC_WARN_UNUSED_VARIABLE = YES;
				IPHONEOS_DEPLOYMENT_TARGET = 14.2;
				MTL_ENABLE_DEBUG_INFO = INCLUDE_SOURCE;
				MTL_FAST_MATH = YES;
				ONLY_ACTIVE_ARCH = YES;
				SDKROOT = iphoneos;
				SWIFT_ACTIVE_COMPILATION_CONDITIONS = DEBUG;
				SWIFT_OPTIMIZATION_LEVEL = "-Onone";
			};
			name = Debug;
		};
		03A9A3472560E83800FC3E17 /* Release */ = {
			isa = XCBuildConfiguration;
			buildSettings = {
				ALWAYS_SEARCH_USER_PATHS = NO;
				CLANG_ANALYZER_NONNULL = YES;
				CLANG_ANALYZER_NUMBER_OBJECT_CONVERSION = YES_AGGRESSIVE;
				CLANG_CXX_LANGUAGE_STANDARD = "gnu++14";
				CLANG_CXX_LIBRARY = "libc++";
				CLANG_ENABLE_MODULES = YES;
				CLANG_ENABLE_OBJC_ARC = YES;
				CLANG_ENABLE_OBJC_WEAK = YES;
				CLANG_WARN_BLOCK_CAPTURE_AUTORELEASING = YES;
				CLANG_WARN_BOOL_CONVERSION = YES;
				CLANG_WARN_COMMA = YES;
				CLANG_WARN_CONSTANT_CONVERSION = YES;
				CLANG_WARN_DEPRECATED_OBJC_IMPLEMENTATIONS = YES;
				CLANG_WARN_DIRECT_OBJC_ISA_USAGE = YES_ERROR;
				CLANG_WARN_DOCUMENTATION_COMMENTS = YES;
				CLANG_WARN_EMPTY_BODY = YES;
				CLANG_WARN_ENUM_CONVERSION = YES;
				CLANG_WARN_INFINITE_RECURSION = YES;
				CLANG_WARN_INT_CONVERSION = YES;
				CLANG_WARN_NON_LITERAL_NULL_CONVERSION = YES;
				CLANG_WARN_OBJC_IMPLICIT_RETAIN_SELF = YES;
				CLANG_WARN_OBJC_LITERAL_CONVERSION = YES;
				CLANG_WARN_OBJC_ROOT_CLASS = YES_ERROR;
				CLANG_WARN_QUOTED_INCLUDE_IN_FRAMEWORK_HEADER = YES;
				CLANG_WARN_RANGE_LOOP_ANALYSIS = YES;
				CLANG_WARN_STRICT_PROTOTYPES = YES;
				CLANG_WARN_SUSPICIOUS_MOVE = YES;
				CLANG_WARN_UNGUARDED_AVAILABILITY = YES_AGGRESSIVE;
				CLANG_WARN_UNREACHABLE_CODE = YES;
				CLANG_WARN__DUPLICATE_METHOD_MATCH = YES;
				COPY_PHASE_STRIP = NO;
				DEBUG_INFORMATION_FORMAT = "dwarf-with-dsym";
				ENABLE_NS_ASSERTIONS = NO;
				ENABLE_STRICT_OBJC_MSGSEND = YES;
				GCC_C_LANGUAGE_STANDARD = gnu11;
				GCC_NO_COMMON_BLOCKS = YES;
				GCC_WARN_64_TO_32_BIT_CONVERSION = YES;
				GCC_WARN_ABOUT_RETURN_TYPE = YES_ERROR;
				GCC_WARN_UNDECLARED_SELECTOR = YES;
				GCC_WARN_UNINITIALIZED_AUTOS = YES_AGGRESSIVE;
				GCC_WARN_UNUSED_FUNCTION = YES;
				GCC_WARN_UNUSED_VARIABLE = YES;
				IPHONEOS_DEPLOYMENT_TARGET = 14.2;
				MTL_ENABLE_DEBUG_INFO = NO;
				MTL_FAST_MATH = YES;
				SDKROOT = iphoneos;
				SWIFT_COMPILATION_MODE = wholemodule;
				SWIFT_OPTIMIZATION_LEVEL = "-O";
				VALIDATE_PRODUCT = YES;
			};
			name = Release;
		};
		03A9A3492560E83800FC3E17 /* Debug */ = {
			isa = XCBuildConfiguration;
			buildSettings = {
				ASSETCATALOG_COMPILER_APPICON_NAME = AppIcon;
				ASSETCATALOG_COMPILER_GLOBAL_ACCENT_COLOR_NAME = AccentColor;
				CODE_SIGN_ENTITLEMENTS = GRPlayer/GRPlayer.entitlements;
				CODE_SIGN_STYLE = Automatic;
				DEVELOPMENT_ASSET_PATHS = "\"GRPlayer/Preview Content\"";
				DEVELOPMENT_TEAM = 92TUA8H52D;
				ENABLE_PREVIEWS = YES;
				INFOPLIST_FILE = GRPlayer/Info.plist;
				IPHONEOS_DEPLOYMENT_TARGET = 14.2;
				LD_RUNPATH_SEARCH_PATHS = (
					"$(inherited)",
					"@executable_path/Frameworks",
				);
				PRODUCT_BUNDLE_IDENTIFIER = arciem.GRPlayer;
				PRODUCT_NAME = "$(TARGET_NAME)";
				SUPPORTS_MACCATALYST = YES;
				SUPPORTS_MAC_DESIGNED_FOR_IPHONE_IPAD = NO;
				SWIFT_VERSION = 5.0;
				TARGETED_DEVICE_FAMILY = "1,2";
			};
			name = Debug;
		};
		03A9A34A2560E83800FC3E17 /* Release */ = {
			isa = XCBuildConfiguration;
			buildSettings = {
				ASSETCATALOG_COMPILER_APPICON_NAME = AppIcon;
				ASSETCATALOG_COMPILER_GLOBAL_ACCENT_COLOR_NAME = AccentColor;
				CODE_SIGN_ENTITLEMENTS = GRPlayer/GRPlayer.entitlements;
				CODE_SIGN_STYLE = Automatic;
				DEVELOPMENT_ASSET_PATHS = "\"GRPlayer/Preview Content\"";
				DEVELOPMENT_TEAM = 92TUA8H52D;
				ENABLE_PREVIEWS = YES;
				INFOPLIST_FILE = GRPlayer/Info.plist;
				IPHONEOS_DEPLOYMENT_TARGET = 14.2;
				LD_RUNPATH_SEARCH_PATHS = (
					"$(inherited)",
					"@executable_path/Frameworks",
				);
				PRODUCT_BUNDLE_IDENTIFIER = arciem.GRPlayer;
				PRODUCT_NAME = "$(TARGET_NAME)";
				SUPPORTS_MACCATALYST = YES;
				SUPPORTS_MAC_DESIGNED_FOR_IPHONE_IPAD = NO;
				SWIFT_VERSION = 5.0;
				TARGETED_DEVICE_FAMILY = "1,2";
			};
			name = Release;
		};
/* End XCBuildConfiguration section */

/* Begin XCConfigurationList section */
		03A9A3342560E83700FC3E17 /* Build configuration list for PBXProject "GRPlayer" */ = {
			isa = XCConfigurationList;
			buildConfigurations = (
				03A9A3462560E83800FC3E17 /* Debug */,
				03A9A3472560E83800FC3E17 /* Release */,
			);
			defaultConfigurationIsVisible = 0;
			defaultConfigurationName = Release;
		};
		03A9A3482560E83800FC3E17 /* Build configuration list for PBXNativeTarget "GRPlayer" */ = {
			isa = XCConfigurationList;
			buildConfigurations = (
				03A9A3492560E83800FC3E17 /* Debug */,
				03A9A34A2560E83800FC3E17 /* Release */,
			);
			defaultConfigurationIsVisible = 0;
			defaultConfigurationName = Release;
		};
/* End XCConfigurationList section */

/* Begin XCRemoteSwiftPackageReference section */
		03852D982585DB0200A116B0 /* XCRemoteSwiftPackageReference "GR" */ = {
			isa = XCRemoteSwiftPackageReference;
			repositoryURL = "https://github.com/wolfmcnally/GR.git";
			requirement = {
				branch = master;
				kind = branch;
			};
		};
/* End XCRemoteSwiftPackageReference section */

/* Begin XCSwiftPackageProductDependency section */
		03852D992585DB0200A116B0 /* GR */ = {
			isa = XCSwiftPackageProductDependency;
			package = 03852D982585DB0200A116B0 /* XCRemoteSwiftPackageReference "GR" */;
			productName = GR;
		};
/* End XCSwiftPackageProductDependency section */
	};
	rootObject = 03A9A3312560E83700FC3E17 /* Project object */;
}
