{
  "object": {
    "pins": [
      {
        "package": "GR",
        "repositoryURL": "https://github.com/wolfmcnally/GR.git",
        "state": {
          "branch": null,
          "revision": "0923a9c4da598444500a254e418f0d1a918657e9",
          "version": "1.0.1"
        }
      },
      {
        "package": "Interpolate",
        "repositoryURL": "https://github.com/wolfmcnally/Interpolate.git",
        "state": {
          "branch": null,
          "revision": "162839b3b10c17016b67579b5f683173f7c4f1ce",
          "version": "0.2.0"
        }
      },
      {
        "package": "swift-numerics",
        "repositoryURL": "https://github.com/apple/swift-numerics",
        "state": {
          "branch": null,
          "revision": "6583ac70c326c3ee080c1d42d9ca3361dca816cd",
          "version": "0.1.0"
        }
      }
    ]
  },
  "version": 1
}
